
Microsoft Visual Studio Solution File, Format Version 12.00
# Visual Studio Version 16
VisualStudioVersion = 16.0.31605.320
MinimumVisualStudioVersion = 10.0.40219.1
Project("{FAE04EC0-301F-11D3-BF4B-00C04F79EFBC}") = "ProdusApp", "ProdusApp\ProdusApp.csproj", "{2D30B517-5B61-41A9-9801-6353782EE626}"
EndProject
Global
	GlobalSection(SolutionConfigurationPlatforms) = preSolution
		Debug|Any CPU = Debug|Any CPU
		Release|Any CPU = Release|Any CPU
	EndGlobalSection
	GlobalSection(ProjectConfigurationPlatforms) = postSolution
		{2D30B517-5B61-41A9-9801-6353782EE626}.Debug|Any CPU.ActiveCfg = Debug|Any CPU
		{2D30B517-5B61-41A9-9801-6353782EE626}.Debug|Any CPU.Build.0 = Debug|Any CPU
		{2D30B517-5B61-41A9-9801-6353782EE626}.Release|Any CPU.ActiveCfg = Release|Any CPU
		{2D30B517-5B61-41A9-9801-6353782EE626}.Release|Any CPU.Build.0 = Release|Any CPU
	EndGlobalSection
	GlobalSection(SolutionProperties) = preSolution
		HideSolutionNode = FALSE
	EndGlobalSection
	GlobalSection(ExtensibilityGlobals) = postSolution
		SolutionGuid = {07D12C94-F008-420B-A921-4C0A2928921B}
	EndGlobalSection
EndGlobal
